// !$*UTF8*$!
{
	archiveVersion = 1;
	classes = {
	};
	objectVersion = 44;
	objects = {

/* Begin PBXBuildFile section */
		516B1B6E0DD3D344009ADB8E /* config_installer.rb in Resources */ = {isa = PBXBuildFile; fileRef = 516B1B6D0DD3D344009ADB8E /* config_installer.rb */; };
		5186C3170E090B59008D8E1F /* HelpHelper.h in Headers */ = {isa = PBXBuildFile; fileRef = 5186C3150E090B59008D8E1F /* HelpHelper.h */; };
		5186C3180E090B59008D8E1F /* HelpHelper.m in Sources */ = {isa = PBXBuildFile; fileRef = 5186C3160E090B59008D8E1F /* HelpHelper.m */; };
		5186C31F0E090C9C008D8E1F /* Carbon.framework in Frameworks */ = {isa = PBXBuildFile; fileRef = 5186C31E0E090C9C008D8E1F /* Carbon.framework */; };
		5189C6E70E111C3300B83EA5 /* LICENSE in Resources */ = {isa = PBXBuildFile; fileRef = 5189C6E60E111C3300B83EA5 /* LICENSE */; };
		518C7F560E06745E003A3ED0 /* Security.framework in Frameworks */ = {isa = PBXBuildFile; fileRef = 518C7F550E06745E003A3ED0 /* Security.framework */; };
		518C7F730E06A668003A3ED0 /* Security.bridgesupport in Resources */ = {isa = PBXBuildFile; fileRef = 518C7F720E06A668003A3ED0 /* Security.bridgesupport */; };
		518C7F760E06B665003A3ED0 /* SecurityHelper.h in Headers */ = {isa = PBXBuildFile; fileRef = 518C7F740E06B665003A3ED0 /* SecurityHelper.h */; };
		518C7F770E06B665003A3ED0 /* SecurityHelper.m in Sources */ = {isa = PBXBuildFile; fileRef = 518C7F750E06B665003A3ED0 /* SecurityHelper.m */; };
		519DFB9F0DFDD825008A42FE /* PassengerApplication.rb in Resources */ = {isa = PBXBuildFile; fileRef = 519DFB9E0DFDD825008A42FE /* PassengerApplication.rb */; };
		519DFBA90DFE8EAF008A42FE /* shared_passenger_behaviour.rb in Resources */ = {isa = PBXBuildFile; fileRef = 519DFBA70DFE8EAF008A42FE /* shared_passenger_behaviour.rb */; };
		51A703B10E648641006A1E26 /* passenger_pane_config.rb in Resources */ = {isa = PBXBuildFile; fileRef = 51A703B00E648641006A1E26 /* passenger_pane_config.rb */; };
		51B9190D0E01523900F45803 /* Alerts.icns in Resources */ = {isa = PBXBuildFile; fileRef = 51B9190C0E01523900F45803 /* Alerts.icns */; };
		51B919140E0172C200F45803 /* config_uninstaller.rb in Resources */ = {isa = PBXBuildFile; fileRef = 51B919130E0172C200F45803 /* config_uninstaller.rb */; };
		51D16FE30E07DFA000A46A7D /* PassengerPaneHelp in Resources */ = {isa = PBXBuildFile; fileRef = 51D16FDD0E07DFA000A46A7D /* PassengerPaneHelp */; };
		76A8DCDF0E068B7000B133F1 /* icon.png in Resources */ = {isa = PBXBuildFile; fileRef = 76A8DCDE0E068B7000B133F1 /* icon.png */; };
		8D202CEA0486D31800D8A456 /* Passenger_Prefix.pch in Headers */ = {isa = PBXBuildFile; fileRef = 32DBCFA20370C41700C91783 /* Passenger_Prefix.pch */; };
		8D202CED0486D31800D8A456 /* InfoPlist.strings in Resources */ = {isa = PBXBuildFile; fileRef = 089C167DFE841241C02AAC07 /* InfoPlist.strings */; };
		8D202CEE0486D31800D8A456 /* PassengerPref.tiff in Resources */ = {isa = PBXBuildFile; fileRef = F506C040013D9D8001CA16C8 /* PassengerPref.tiff */; };
		8D202CF10486D31800D8A456 /* PassengerPref.m in Sources */ = {isa = PBXBuildFile; fileRef = F506C03D013D9D7901CA16C8 /* PassengerPref.m */; };
		8D202CF30486D31800D8A456 /* Cocoa.framework in Frameworks */ = {isa = PBXBuildFile; fileRef = 1058C7ADFEA557BF11CA2CBB /* Cocoa.framework */; };
		8D202CF40486D31800D8A456 /* PreferencePanes.framework in Frameworks */ = {isa = PBXBuildFile; fileRef = F506C035013D953901CA16C8 /* PreferencePanes.framework */; };
		9648B5E80D195BC700DC73E2 /* RubyCocoa.framework in Frameworks */ = {isa = PBXBuildFile; fileRef = 9648B5E70D195BC700DC73E2 /* RubyCocoa.framework */; };
		9648B5EC0D195BF200DC73E2 /* PassengerPref.rb in Resources */ = {isa = PBXBuildFile; fileRef = 9648B5EB0D195BF200DC73E2 /* PassengerPref.rb */; };
		9648B5F00D195C2F00DC73E2 /* Pref.xib in Resources */ = {isa = PBXBuildFile; fileRef = 9648B5EE0D195C2F00DC73E2 /* Pref.xib */; };
/* End PBXBuildFile section */

/* Begin PBXFileReference section */
		089C1672FE841209C02AAC07 /* Foundation.framework */ = {isa = PBXFileReference; lastKnownFileType = wrapper.framework; name = Foundation.framework; path = /System/Library/Frameworks/Foundation.framework; sourceTree = "<absolute>"; };
		089C167EFE841241C02AAC07 /* English */ = {isa = PBXFileReference; fileEncoding = 10; lastKnownFileType = text.plist.strings; name = English; path = English.lproj/InfoPlist.strings; sourceTree = "<group>"; };
		089C167FFE841241C02AAC07 /* AppKit.framework */ = {isa = PBXFileReference; lastKnownFileType = wrapper.framework; name = AppKit.framework; path = /System/Library/Frameworks/AppKit.framework; sourceTree = "<absolute>"; };
		1058C7ADFEA557BF11CA2CBB /* Cocoa.framework */ = {isa = PBXFileReference; lastKnownFileType = wrapper.framework; name = Cocoa.framework; path = /System/Library/Frameworks/Cocoa.framework; sourceTree = "<absolute>"; };
		32DBCFA20370C41700C91783 /* Passenger_Prefix.pch */ = {isa = PBXFileReference; fileEncoding = 4; lastKnownFileType = sourcecode.c.h; path = Passenger_Prefix.pch; sourceTree = "<group>"; };
		516B1B6D0DD3D344009ADB8E /* config_installer.rb */ = {isa = PBXFileReference; fileEncoding = 4; lastKnownFileType = text.script.ruby; path = config_installer.rb; sourceTree = "<group>"; };
		5186C3150E090B59008D8E1F /* HelpHelper.h */ = {isa = PBXFileReference; fileEncoding = 4; lastKnownFileType = sourcecode.c.h; path = HelpHelper.h; sourceTree = "<group>"; };
		5186C3160E090B59008D8E1F /* HelpHelper.m */ = {isa = PBXFileReference; fileEncoding = 4; lastKnownFileType = sourcecode.c.objc; path = HelpHelper.m; sourceTree = "<group>"; };
		5186C31E0E090C9C008D8E1F /* Carbon.framework */ = {isa = PBXFileReference; lastKnownFileType = wrapper.framework; name = Carbon.framework; path = /System/Library/Frameworks/Carbon.framework; sourceTree = "<absolute>"; };
		5189C6E60E111C3300B83EA5 /* LICENSE */ = {isa = PBXFileReference; fileEncoding = 4; lastKnownFileType = text; path = LICENSE; sourceTree = "<group>"; };
		518C7F550E06745E003A3ED0 /* Security.framework */ = {isa = PBXFileReference; lastKnownFileType = wrapper.framework; name = Security.framework; path = /System/Library/Frameworks/Security.framework; sourceTree = "<absolute>"; };
		518C7F720E06A668003A3ED0 /* Security.bridgesupport */ = {isa = PBXFileReference; fileEncoding = 4; lastKnownFileType = text.xml; path = Security.bridgesupport; sourceTree = "<group>"; };
		518C7F740E06B665003A3ED0 /* SecurityHelper.h */ = {isa = PBXFileReference; fileEncoding = 4; lastKnownFileType = sourcecode.c.h; path = SecurityHelper.h; sourceTree = "<group>"; };
		518C7F750E06B665003A3ED0 /* SecurityHelper.m */ = {isa = PBXFileReference; fileEncoding = 4; lastKnownFileType = sourcecode.c.objc; path = SecurityHelper.m; sourceTree = "<group>"; };
		519DFB9E0DFDD825008A42FE /* PassengerApplication.rb */ = {isa = PBXFileReference; fileEncoding = 4; lastKnownFileType = text.script.ruby; path = PassengerApplication.rb; sourceTree = "<group>"; };
		519DFBA70DFE8EAF008A42FE /* shared_passenger_behaviour.rb */ = {isa = PBXFileReference; fileEncoding = 4; lastKnownFileType = text.script.ruby; path = shared_passenger_behaviour.rb; sourceTree = "<group>"; };
		51A703B00E648641006A1E26 /* passenger_pane_config.rb */ = {isa = PBXFileReference; fileEncoding = 4; lastKnownFileType = text.script.ruby; path = passenger_pane_config.rb; sourceTree = "<group>"; };
		51B9190C0E01523900F45803 /* Alerts.icns */ = {isa = PBXFileReference; lastKnownFileType = image.icns; path = Alerts.icns; sourceTree = "<group>"; };
		51B919130E0172C200F45803 /* config_uninstaller.rb */ = {isa = PBXFileReference; fileEncoding = 4; lastKnownFileType = text.script.ruby; path = config_uninstaller.rb; sourceTree = "<group>"; };
		51D16FDE0E07DFA000A46A7D /* English */ = {isa = PBXFileReference; lastKnownFileType = folder; name = English; path = English.lproj/PassengerPaneHelp; sourceTree = "<group>"; };
		76A8DCDE0E068B7000B133F1 /* icon.png */ = {isa = PBXFileReference; lastKnownFileType = image.png; path = icon.png; sourceTree = "<group>"; };
		8D202CF70486D31800D8A456 /* Info.plist */ = {isa = PBXFileReference; fileEncoding = 4; lastKnownFileType = text.plist; path = Info.plist; sourceTree = "<group>"; };
		8D202CF80486D31800D8A456 /* Passenger.prefPane */ = {isa = PBXFileReference; explicitFileType = wrapper.cfbundle; includeInIndex = 0; path = Passenger.prefPane; sourceTree = BUILT_PRODUCTS_DIR; };
		9648B5E70D195BC700DC73E2 /* RubyCocoa.framework */ = {isa = PBXFileReference; lastKnownFileType = wrapper.framework; name = RubyCocoa.framework; path = /System/Library/Frameworks/RubyCocoa.framework; sourceTree = "<absolute>"; };
		9648B5EB0D195BF200DC73E2 /* PassengerPref.rb */ = {isa = PBXFileReference; fileEncoding = 4; lastKnownFileType = text.script.ruby; path = PassengerPref.rb; sourceTree = "<group>"; };
		9648B5EF0D195C2F00DC73E2 /* English */ = {isa = PBXFileReference; lastKnownFileType = file.xib; name = English; path = English.lproj/PassengerPref.xib; sourceTree = "<group>"; };
		F506C035013D953901CA16C8 /* PreferencePanes.framework */ = {isa = PBXFileReference; lastKnownFileType = wrapper.framework; name = PreferencePanes.framework; path = /System/Library/Frameworks/PreferencePanes.framework; sourceTree = "<absolute>"; };
		F506C03D013D9D7901CA16C8 /* PassengerPref.m */ = {isa = PBXFileReference; fileEncoding = 4; lastKnownFileType = sourcecode.c.objc; path = PassengerPref.m; sourceTree = "<group>"; };
		F506C040013D9D8001CA16C8 /* PassengerPref.tiff */ = {isa = PBXFileReference; lastKnownFileType = image.tiff; path = PassengerPref.tiff; sourceTree = "<group>"; };
/* End PBXFileReference section */

/* Begin PBXFrameworksBuildPhase section */
		8D202CF20486D31800D8A456 /* Frameworks */ = {
			isa = PBXFrameworksBuildPhase;
			buildActionMask = 2147483647;
			files = (
				8D202CF30486D31800D8A456 /* Cocoa.framework in Frameworks */,
				8D202CF40486D31800D8A456 /* PreferencePanes.framework in Frameworks */,
				9648B5E80D195BC700DC73E2 /* RubyCocoa.framework in Frameworks */,
				518C7F560E06745E003A3ED0 /* Security.framework in Frameworks */,
				5186C31F0E090C9C008D8E1F /* Carbon.framework in Frameworks */,
			);
			runOnlyForDeploymentPostprocessing = 0;
		};
/* End PBXFrameworksBuildPhase section */

/* Begin PBXGroup section */
		089C166AFE841209C02AAC07 /* Passenger */ = {
			isa = PBXGroup;
			children = (
				08FB77AFFE84173DC02AAC07 /* Classes */,
				32DBCFA10370C40200C91783 /* Other Sources */,
				089C167CFE841241C02AAC07 /* Resources */,
				089C1671FE841209C02AAC07 /* Frameworks and Libraries */,
				19C28FB8FE9D52D311CA2CBB /* Products */,
			);
			name = Passenger;
			sourceTree = "<group>";
		};
		089C1671FE841209C02AAC07 /* Frameworks and Libraries */ = {
			isa = PBXGroup;
			children = (
				1058C7ACFEA557BF11CA2CBB /* Linked Frameworks */,
				1058C7AEFEA557BF11CA2CBB /* Other Frameworks */,
			);
			name = "Frameworks and Libraries";
			sourceTree = "<group>";
		};
		089C167CFE841241C02AAC07 /* Resources */ = {
			isa = PBXGroup;
			children = (
				519DFB9E0DFDD825008A42FE /* PassengerApplication.rb */,
				518C7F720E06A668003A3ED0 /* Security.bridgesupport */,
				5186C3150E090B59008D8E1F /* HelpHelper.h */,
				5186C3160E090B59008D8E1F /* HelpHelper.m */,
				51A703B00E648641006A1E26 /* passenger_pane_config.rb */,
				51B919130E0172C200F45803 /* config_uninstaller.rb */,
				51B9190C0E01523900F45803 /* Alerts.icns */,
				9648B5EE0D195C2F00DC73E2 /* Pref.xib */,
				8D202CF70486D31800D8A456 /* Info.plist */,
				76A8DCDE0E068B7000B133F1 /* icon.png */,
				5186C31E0E090C9C008D8E1F /* Carbon.framework */,
				518C7F550E06745E003A3ED0 /* Security.framework */,
				519DFBA70DFE8EAF008A42FE /* shared_passenger_behaviour.rb */,
				089C167DFE841241C02AAC07 /* InfoPlist.strings */,
				F506C040013D9D8001CA16C8 /* PassengerPref.tiff */,
			);
			name = Resources;
			sourceTree = "<group>";
		};
		08FB77AFFE84173DC02AAC07 /* Classes */ = {
			isa = PBXGroup;
			children = (
				9648B5EB0D195BF200DC73E2 /* PassengerPref.rb */,
				F506C03D013D9D7901CA16C8 /* PassengerPref.m */,
				5189C6E60E111C3300B83EA5 /* LICENSE */,
				516B1B6D0DD3D344009ADB8E /* config_installer.rb */,
			);
			name = Classes;
			sourceTree = "<group>";
		};
		1058C7ACFEA557BF11CA2CBB /* Linked Frameworks */ = {
			isa = PBXGroup;
			children = (
				9648B5E70D195BC700DC73E2 /* RubyCocoa.framework */,
				1058C7ADFEA557BF11CA2CBB /* Cocoa.framework */,
				F506C035013D953901CA16C8 /* PreferencePanes.framework */,
			);
			name = "Linked Frameworks";
			sourceTree = "<group>";
		};
		1058C7AEFEA557BF11CA2CBB /* Other Frameworks */ = {
			isa = PBXGroup;
			children = (
				089C1672FE841209C02AAC07 /* Foundation.framework */,
				51D16FDD0E07DFA000A46A7D /* PassengerPaneHelp */,
				518C7F740E06B665003A3ED0 /* SecurityHelper.h */,
				518C7F750E06B665003A3ED0 /* SecurityHelper.m */,
				089C167FFE841241C02AAC07 /* AppKit.framework */,
			);
			name = "Other Frameworks";
			sourceTree = "<group>";
		};
		19C28FB8FE9D52D311CA2CBB /* Products */ = {
			isa = PBXGroup;
			children = (
				8D202CF80486D31800D8A456 /* Passenger.prefPane */,
			);
			name = Products;
			sourceTree = "<group>";
		};
		32DBCFA10370C40200C91783 /* Other Sources */ = {
			isa = PBXGroup;
			children = (
				32DBCFA20370C41700C91783 /* Passenger_Prefix.pch */,
			);
			name = "Other Sources";
			sourceTree = "<group>";
		};
/* End PBXGroup section */

/* Begin PBXHeadersBuildPhase section */
		8D202CE90486D31800D8A456 /* Headers */ = {
			isa = PBXHeadersBuildPhase;
			buildActionMask = 2147483647;
			files = (
				8D202CEA0486D31800D8A456 /* Passenger_Prefix.pch in Headers */,
				518C7F760E06B665003A3ED0 /* SecurityHelper.h in Headers */,
				5186C3170E090B59008D8E1F /* HelpHelper.h in Headers */,
			);
			runOnlyForDeploymentPostprocessing = 0;
		};
/* End PBXHeadersBuildPhase section */

/* Begin PBXNativeTarget section */
		8D202CE80486D31800D8A456 /* Passenger */ = {
			isa = PBXNativeTarget;
			buildConfigurationList = 1DBD214808BA80EA00186707 /* Build configuration list for PBXNativeTarget "Passenger" */;
			buildPhases = (
				8D202CE90486D31800D8A456 /* Headers */,
				8D202CEC0486D31800D8A456 /* Resources */,
				8D202CF00486D31800D8A456 /* Sources */,
				8D202CF20486D31800D8A456 /* Frameworks */,
				8D202CF50486D31800D8A456 /* Rez */,
			);
			buildRules = (
			);
			dependencies = (
			);
			name = Passenger;
			productInstallPath = "$(HOME)/Library/PreferencePanes";
			productName = Passenger;
			productReference = 8D202CF80486D31800D8A456 /* Passenger.prefPane */;
			productType = "com.apple.product-type.bundle";
		};
/* End PBXNativeTarget section */

/* Begin PBXProject section */
		089C1669FE841209C02AAC07 /* Project object */ = {
			isa = PBXProject;
			buildConfigurationList = 1DBD214C08BA80EA00186707 /* Build configuration list for PBXProject "Passenger" */;
			compatibilityVersion = "Xcode 3.0";
			hasScannedForEncodings = 1;
			mainGroup = 089C166AFE841209C02AAC07 /* Passenger */;
			projectDirPath = "";
			projectRoot = "";
			targets = (
				8D202CE80486D31800D8A456 /* Passenger */,
			);
		};
/* End PBXProject section */

/* Begin PBXResourcesBuildPhase section */
		8D202CEC0486D31800D8A456 /* Resources */ = {
			isa = PBXResourcesBuildPhase;
			buildActionMask = 2147483647;
			files = (
				8D202CED0486D31800D8A456 /* InfoPlist.strings in Resources */,
				8D202CEE0486D31800D8A456 /* PassengerPref.tiff in Resources */,
				9648B5EC0D195BF200DC73E2 /* PassengerPref.rb in Resources */,
				9648B5F00D195C2F00DC73E2 /* Pref.xib in Resources */,
				516B1B6E0DD3D344009ADB8E /* config_installer.rb in Resources */,
				519DFB9F0DFDD825008A42FE /* PassengerApplication.rb in Resources */,
				519DFBA90DFE8EAF008A42FE /* shared_passenger_behaviour.rb in Resources */,
				51B9190D0E01523900F45803 /* Alerts.icns in Resources */,
				51B919140E0172C200F45803 /* config_uninstaller.rb in Resources */,
				76A8DCDF0E068B7000B133F1 /* icon.png in Resources */,
				518C7F730E06A668003A3ED0 /* Security.bridgesupport in Resources */,
				51D16FE30E07DFA000A46A7D /* PassengerPaneHelp in Resources */,
				5189C6E70E111C3300B83EA5 /* LICENSE in Resources */,
				51A703B10E648641006A1E26 /* passenger_pane_config.rb in Resources */,
			);
			runOnlyForDeploymentPostprocessing = 0;
		};
/* End PBXResourcesBuildPhase section */

/* Begin PBXRezBuildPhase section */
		8D202CF50486D31800D8A456 /* Rez */ = {
			isa = PBXRezBuildPhase;
			buildActionMask = 2147483647;
			files = (
			);
			runOnlyForDeploymentPostprocessing = 0;
		};
/* End PBXRezBuildPhase section */

/* Begin PBXSourcesBuildPhase section */
		8D202CF00486D31800D8A456 /* Sources */ = {
			isa = PBXSourcesBuildPhase;
			buildActionMask = 2147483647;
			files = (
				8D202CF10486D31800D8A456 /* PassengerPref.m in Sources */,
				518C7F770E06B665003A3ED0 /* SecurityHelper.m in Sources */,
				5186C3180E090B59008D8E1F /* HelpHelper.m in Sources */,
			);
			runOnlyForDeploymentPostprocessing = 0;
		};
/* End PBXSourcesBuildPhase section */

/* Begin PBXVariantGroup section */
		089C167DFE841241C02AAC07 /* InfoPlist.strings */ = {
			isa = PBXVariantGroup;
			children = (
				089C167EFE841241C02AAC07 /* English */,
			);
			name = InfoPlist.strings;
			sourceTree = "<group>";
		};
		51D16FDD0E07DFA000A46A7D /* PassengerPaneHelp */ = {
			isa = PBXVariantGroup;
			children = (
				51D16FDE0E07DFA000A46A7D /* English */,
			);
			name = PassengerPaneHelp;
			sourceTree = "<group>";
		};
		9648B5EE0D195C2F00DC73E2 /* Pref.xib */ = {
			isa = PBXVariantGroup;
			children = (
				9648B5EF0D195C2F00DC73E2 /* English */,
			);
			name = Pref.xib;
			sourceTree = "<group>";
		};
/* End PBXVariantGroup section */

/* Begin XCBuildConfiguration section */
		1DBD214908BA80EA00186707 /* Debug */ = {
			isa = XCBuildConfiguration;
			buildSettings = {
				COPY_PHASE_STRIP = NO;
				GCC_DYNAMIC_NO_PIC = NO;
				GCC_ENABLE_FIX_AND_CONTINUE = YES;
				GCC_MODEL_TUNING = G5;
				GCC_OPTIMIZATION_LEVEL = 0;
				GCC_PRECOMPILE_PREFIX_HEADER = YES;
				GCC_PREFIX_HEADER = Passenger_Prefix.pch;
				INFOPLIST_FILE = Info.plist;
				INSTALL_PATH = "$(HOME)/Library/PreferencePanes";
				PRODUCT_NAME = Passenger;
				WRAPPER_EXTENSION = prefPane;
				ZERO_LINK = YES;
			};
			name = Debug;
		};
		1DBD214A08BA80EA00186707 /* Release */ = {
			isa = XCBuildConfiguration;
			buildSettings = {
				DEBUG_INFORMATION_FORMAT = "dwarf-with-dsym";
				GCC_MODEL_TUNING = G5;
				GCC_PRECOMPILE_PREFIX_HEADER = YES;
				GCC_PREFIX_HEADER = Passenger_Prefix.pch;
				INFOPLIST_FILE = Info.plist;
				INSTALL_PATH = "$(HOME)/Library/PreferencePanes";
				PRODUCT_NAME = Passenger;
				WRAPPER_EXTENSION = prefPane;
			};
			name = Release;
		};
		1DBD214D08BA80EA00186707 /* Debug */ = {
			isa = XCBuildConfiguration;
			buildSettings = {
				GCC_WARN_ABOUT_RETURN_TYPE = YES;
				GCC_WARN_UNUSED_VARIABLE = YES;
				PREBINDING = NO;
				SDKROOT = "$(DEVELOPER_SDK_DIR)/MacOSX10.5.sdk";
			};
			name = Debug;
		};
		1DBD214E08BA80EA00186707 /* Release */ = {
			isa = XCBuildConfiguration;
			buildSettings = {
				ARCHS = (
					ppc,
					i386,
				);
				GCC_WARN_ABOUT_RETURN_TYPE = YES;
				GCC_WARN_UNUSED_VARIABLE = YES;
				PREBINDING = NO;
				SDKROOT = "$(DEVELOPER_SDK_DIR)/MacOSX10.5.sdk";
			};
			name = Release;
		};
/* End XCBuildConfiguration section */

/* Begin XCConfigurationList section */
		1DBD214808BA80EA00186707 /* Build configuration list for PBXNativeTarget "Passenger" */ = {
			isa = XCConfigurationList;
			buildConfigurations = (
				1DBD214908BA80EA00186707 /* Debug */,
				1DBD214A08BA80EA00186707 /* Release */,
			);
			defaultConfigurationIsVisible = 0;
			defaultConfigurationName = Release;
		};
		1DBD214C08BA80EA00186707 /* Build configuration list for PBXProject "Passenger" */ = {
			isa = XCConfigurationList;
			buildConfigurations = (
				1DBD214D08BA80EA00186707 /* Debug */,
				1DBD214E08BA80EA00186707 /* Release */,
			);
			defaultConfigurationIsVisible = 0;
			defaultConfigurationName = Release;
		};
/* End XCConfigurationList section */
	};
	rootObject = 089C1669FE841209C02AAC07 /* Project object */;
}
